
Microsoft Visual Studio Solution File, Format Version 12.00
# Visual Studio Version 17
VisualStudioVersion = 17.8.34330.188
MinimumVisualStudioVersion = 10.0.40219.1
Project("{FAE04EC0-301F-11D3-BF4B-00C04F79EFBC}") = "ConsoleApp", "ConsoleApp\ConsoleApp.csproj", "{B58580A9-472F-4BF6-AEDE-536361A41ED2}"
EndProject
Global
	GlobalSection(SolutionConfigurationPlatforms) = preSolution
		Debug|Any CPU = Debug|Any CPU
		Release|Any CPU = Release|Any CPU
	EndGlobalSection
	GlobalSection(ProjectConfigurationPlatforms) = postSolution
		{B58580A9-472F-4BF6-AEDE-536361A41ED2}.Debug|Any CPU.ActiveCfg = Debug|Any CPU
		{B58580A9-472F-4BF6-AEDE-536361A41ED2}.Debug|Any CPU.Build.0 = Debug|Any CPU
		{B58580A9-472F-4BF6-AEDE-536361A41ED2}.Release|Any CPU.ActiveCfg = Release|Any CPU
		{B58580A9-472F-4BF6-AEDE-536361A41ED2}.Release|Any CPU.Build.0 = Release|Any CPU
	EndGlobalSection
	GlobalSection(SolutionProperties) = preSolution
		HideSolutionNode = FALSE
	EndGlobalSection
	GlobalSection(ExtensibilityGlobals) = postSolution
		SolutionGuid = {8DE2EE5E-7D49-49F8-8BFB-298D4C6E142E}
	EndGlobalSection
EndGlobal
